
Microsoft Visual Studio Solution File, Format Version 12.00
# Visual Studio Version 17
VisualStudioVersion = 17.4.33213.308
MinimumVisualStudioVersion = 10.0.40219.1
Project("{FAE04EC0-301F-11D3-BF4B-00C04F79EFBC}") = "VaultSite", "VaultProject--H4\VaultSite.csproj", "{4B5F4BCA-1278-4FBE-82C2-F6F38131853C}"
EndProject
Global
	GlobalSection(SolutionConfigurationPlatforms) = preSolution
		Debug|Any CPU = Debug|Any CPU
		Release|Any CPU = Release|Any CPU
	EndGlobalSection
	GlobalSection(ProjectConfigurationPlatforms) = postSolution
		{4B5F4BCA-1278-4FBE-82C2-F6F38131853C}.Debug|Any CPU.ActiveCfg = Debug|Any CPU
		{4B5F4BCA-1278-4FBE-82C2-F6F38131853C}.Debug|Any CPU.Build.0 = Debug|Any CPU
		{4B5F4BCA-1278-4FBE-82C2-F6F38131853C}.Release|Any CPU.ActiveCfg = Release|Any CPU
		{4B5F4BCA-1278-4FBE-82C2-F6F38131853C}.Release|Any CPU.Build.0 = Release|Any CPU
	EndGlobalSection
	GlobalSection(SolutionProperties) = preSolution
		HideSolutionNode = FALSE
	EndGlobalSection
	GlobalSection(ExtensibilityGlobals) = postSolution
		SolutionGuid = {9CAA6EEB-BF73-4BF9-A3B3-9FC4D03C6BBA}
	EndGlobalSection
EndGlobal
