
Microsoft Visual Studio Solution File, Format Version 12.00
# Visual Studio Version 17
VisualStudioVersion = 17.4.33213.308
MinimumVisualStudioVersion = 10.0.40219.1
Project("{9A19103F-16F7-4668-BE54-9A1E7A4F7556}") = "DataLayer", "Datalayer\DataLayer.csproj", "{555471CA-C79F-43BD-BD7F-9A0C816D2066}"
EndProject
Project("{9A19103F-16F7-4668-BE54-9A1E7A4F7556}") = "VaultAPI", "VaultAPI\VaultAPI.csproj", "{7A1A98DE-A72A-4F96-AA6C-8ED5AD8D5C9F}"
EndProject
Project("{9A19103F-16F7-4668-BE54-9A1E7A4F7556}") = "ServiceLayer", "ServiceLayer\ServiceLayer.csproj", "{60A85399-0916-4414-B104-C1F61A41689E}"
EndProject
Project("{9A19103F-16F7-4668-BE54-9A1E7A4F7556}") = "VaultSite", "VaultSite\VaultSite.csproj", "{F7F6D59A-34E5-452A-AA95-21A9AFCA8599}"
EndProject
Project("{FAE04EC0-301F-11D3-BF4B-00C04F79EFBC}") = "TestProject1", "TestProject1\TestProject1.csproj", "{B1DFBFBF-EC2D-48A1-A403-06848664EBF2}"
EndProject
Global
	GlobalSection(SolutionConfigurationPlatforms) = preSolution
		Debug|Any CPU = Debug|Any CPU
		Release|Any CPU = Release|Any CPU
	EndGlobalSection
	GlobalSection(ProjectConfigurationPlatforms) = postSolution
		{555471CA-C79F-43BD-BD7F-9A0C816D2066}.Debug|Any CPU.ActiveCfg = Debug|Any CPU
		{555471CA-C79F-43BD-BD7F-9A0C816D2066}.Debug|Any CPU.Build.0 = Debug|Any CPU
		{555471CA-C79F-43BD-BD7F-9A0C816D2066}.Release|Any CPU.ActiveCfg = Release|Any CPU
		{555471CA-C79F-43BD-BD7F-9A0C816D2066}.Release|Any CPU.Build.0 = Release|Any CPU
		{7A1A98DE-A72A-4F96-AA6C-8ED5AD8D5C9F}.Debug|Any CPU.ActiveCfg = Debug|Any CPU
		{7A1A98DE-A72A-4F96-AA6C-8ED5AD8D5C9F}.Debug|Any CPU.Build.0 = Debug|Any CPU
		{7A1A98DE-A72A-4F96-AA6C-8ED5AD8D5C9F}.Release|Any CPU.ActiveCfg = Release|Any CPU
		{7A1A98DE-A72A-4F96-AA6C-8ED5AD8D5C9F}.Release|Any CPU.Build.0 = Release|Any CPU
		{60A85399-0916-4414-B104-C1F61A41689E}.Debug|Any CPU.ActiveCfg = Debug|Any CPU
		{60A85399-0916-4414-B104-C1F61A41689E}.Debug|Any CPU.Build.0 = Debug|Any CPU
		{60A85399-0916-4414-B104-C1F61A41689E}.Release|Any CPU.ActiveCfg = Release|Any CPU
		{60A85399-0916-4414-B104-C1F61A41689E}.Release|Any CPU.Build.0 = Release|Any CPU
		{F7F6D59A-34E5-452A-AA95-21A9AFCA8599}.Debug|Any CPU.ActiveCfg = Debug|Any CPU
		{F7F6D59A-34E5-452A-AA95-21A9AFCA8599}.Debug|Any CPU.Build.0 = Debug|Any CPU
		{F7F6D59A-34E5-452A-AA95-21A9AFCA8599}.Release|Any CPU.ActiveCfg = Release|Any CPU
		{F7F6D59A-34E5-452A-AA95-21A9AFCA8599}.Release|Any CPU.Build.0 = Release|Any CPU
		{B1DFBFBF-EC2D-48A1-A403-06848664EBF2}.Debug|Any CPU.ActiveCfg = Debug|Any CPU
		{B1DFBFBF-EC2D-48A1-A403-06848664EBF2}.Debug|Any CPU.Build.0 = Debug|Any CPU
		{B1DFBFBF-EC2D-48A1-A403-06848664EBF2}.Release|Any CPU.ActiveCfg = Release|Any CPU
		{B1DFBFBF-EC2D-48A1-A403-06848664EBF2}.Release|Any CPU.Build.0 = Release|Any CPU
	EndGlobalSection
	GlobalSection(SolutionProperties) = preSolution
		HideSolutionNode = FALSE
	EndGlobalSection
	GlobalSection(ExtensibilityGlobals) = postSolution
		SolutionGuid = {9CAA6EEB-BF73-4BF9-A3B3-9FC4D03C6BBA}
	EndGlobalSection
EndGlobal
